
Microsoft Visual Studio Solution File, Format Version 12.00
# Visual Studio Version 17
VisualStudioVersion = 17.10.35122.118
MinimumVisualStudioVersion = 10.0.40219.1
Project("{FAE04EC0-301F-11D3-BF4B-00C04F79EFBC}") = "WebApplicationTraining2", "WebApplicationTraining2.csproj", "{32990E73-D24F-43C7-88AE-8118E5F3FC90}"
EndProject
Global
	GlobalSection(SolutionConfigurationPlatforms) = preSolution
		Debug|Any CPU = Debug|Any CPU
		Release|Any CPU = Release|Any CPU
	EndGlobalSection
	GlobalSection(ProjectConfigurationPlatforms) = postSolution
		{32990E73-D24F-43C7-88AE-8118E5F3FC90}.Debug|Any CPU.ActiveCfg = Debug|Any CPU
		{32990E73-D24F-43C7-88AE-8118E5F3FC90}.Debug|Any CPU.Build.0 = Debug|Any CPU
		{32990E73-D24F-43C7-88AE-8118E5F3FC90}.Release|Any CPU.ActiveCfg = Release|Any CPU
		{32990E73-D24F-43C7-88AE-8118E5F3FC90}.Release|Any CPU.Build.0 = Release|Any CPU
	EndGlobalSection
	GlobalSection(SolutionProperties) = preSolution
		HideSolutionNode = FALSE
	EndGlobalSection
	GlobalSection(ExtensibilityGlobals) = postSolution
		SolutionGuid = {8A3EA743-F5A3-4C53-A447-2F59E20B2203}
	EndGlobalSection
EndGlobal
